
Microsoft Visual Studio Solution File, Format Version 12.00
# Visual Studio Version 16
VisualStudioVersion = 16.0.28803.202
MinimumVisualStudioVersion = 10.0.40219.1
Project("{FAE04EC0-301F-11D3-BF4B-00C04F79EFBC}") = "practica", "practica\practica.csproj", "{6061F566-3F5D-4170-88E3-A3D673809BCC}"
EndProject
Global
	GlobalSection(SolutionConfigurationPlatforms) = preSolution
		Debug|Any CPU = Debug|Any CPU
		Release|Any CPU = Release|Any CPU
	EndGlobalSection
	GlobalSection(ProjectConfigurationPlatforms) = postSolution
		{6061F566-3F5D-4170-88E3-A3D673809BCC}.Debug|Any CPU.ActiveCfg = Debug|Any CPU
		{6061F566-3F5D-4170-88E3-A3D673809BCC}.Debug|Any CPU.Build.0 = Debug|Any CPU
		{6061F566-3F5D-4170-88E3-A3D673809BCC}.Release|Any CPU.ActiveCfg = Release|Any CPU
		{6061F566-3F5D-4170-88E3-A3D673809BCC}.Release|Any CPU.Build.0 = Release|Any CPU
	EndGlobalSection
	GlobalSection(SolutionProperties) = preSolution
		HideSolutionNode = FALSE
	EndGlobalSection
	GlobalSection(ExtensibilityGlobals) = postSolution
		SolutionGuid = {57F83295-56EA-45F6-88ED-1BC7972D325D}
	EndGlobalSection
EndGlobal
